Microsoft Visual Studio Solution File, Format Version 12.00
# Visual Studio 2012
Project("{FAE04EC0-301F-11D3-BF4B-00C04F79EFBC}") = "LD45-Game", "LD45-Game.csproj", "{78CACBAD-8530-4A43-A887-B7ECDA6467C7}"
EndProject
Global
	GlobalSection(SolutionConfigurationPlatforms) = preSolution
	Debug|Any CPU = Debug|Any CPU
	Release|Any CPU = Release|Any CPU
	Tools|Any CPU = Tools|Any CPU
	EndGlobalSection
	GlobalSection(ProjectConfigurationPlatforms) = postSolution
		{78CACBAD-8530-4A43-A887-B7ECDA6467C7}.Debug|Any CPU.ActiveCfg = Debug|Any CPU
		{78CACBAD-8530-4A43-A887-B7ECDA6467C7}.Debug|Any CPU.Build.0 = Debug|Any CPU
		{78CACBAD-8530-4A43-A887-B7ECDA6467C7}.Release|Any CPU.ActiveCfg = Release|Any CPU
		{78CACBAD-8530-4A43-A887-B7ECDA6467C7}.Release|Any CPU.Build.0 = Release|Any CPU
		{78CACBAD-8530-4A43-A887-B7ECDA6467C7}.Tools|Any CPU.ActiveCfg = Tools|Any CPU
		{78CACBAD-8530-4A43-A887-B7ECDA6467C7}.Tools|Any CPU.Build.0 = Tools|Any CPU
	EndGlobalSection
EndGlobal
